{
   "name": "@roddynpm/bs-ppx_yojson_conv_lib",
   "version": "0.1.0",
   "lockfileVersion": 1,
   "requires": true,
   "dependencies": {
      "@roddynpm/bs-biniou": {
         "version": "0.0.1",
         "resolved": "https://registry.npmjs.org/@roddynpm/bs-biniou/-/bs-biniou-0.0.1.tgz",
         "integrity": "sha512-TXRNnujwUNAzwQyhkbm9VmR0ns78QmwTNkkU85hS+6AN+Oa8tIjJ7BGtaf83oTUfcTX75wsh2t8Pf4Kl0ain9A==",
         "requires": {
            "@roddynpm/bs-easy-format": "^0.0.1"
         }
      },
      "@roddynpm/bs-easy-format": {
         "version": "0.0.1",
         "resolved": "https://registry.npmjs.org/@roddynpm/bs-easy-format/-/bs-easy-format-0.0.1.tgz",
         "integrity": "sha512-lBp7y9Jd75y3XFPFfF6aalmwjFvsNjNlauDDBWCMPzzhFOW+zUBp1705R4R0SE0k0bUl+UDpwesSfgJY/kdeCA=="
      },
      "@roddynpm/bs-yojson": {
         "version": "0.0.1",
         "resolved": "https://registry.npmjs.org/@roddynpm/bs-yojson/-/bs-yojson-0.0.1.tgz",
         "integrity": "sha512-6lHf0HVAmjIvrch/qyMuFilnOLbAyK/wTyYDemjQw3nDYc+BEITU6af/Xe06pZnycUfByb8kKDEV+4nqKj5nDg==",
         "requires": {
            "@roddynpm/bs-biniou": "^0.0.1"
         }
      },
      "bs-platform": {
         "version": "6.2.1",
         "resolved": "https://registry.npmjs.org/bs-platform/-/bs-platform-6.2.1.tgz",
         "integrity": "sha512-FmQ8kYV52A0Y302qh6o0/J9TO+kHzsjGQnsjrg/ONUYIY/jWzBnt9dCBO6EBnaEKfFJLqk5JrUDCxuihqtTcnw==",
         "dev": true
      }
   }
}
